
Microsoft Visual Studio Solution File, Format Version 12.00
# Visual Studio Version 17
VisualStudioVersion = 17.8.34330.188
MinimumVisualStudioVersion = 10.0.40219.1
Project("{FAE04EC0-301F-11D3-BF4B-00C04F79EFBC}") = "GestorPagosApi", "GestorPagosApi\GestorPagosApi.csproj", "{3AC3DBD9-A144-4352-86E0-0B81D7F69D01}"
EndProject
Global
	GlobalSection(SolutionConfigurationPlatforms) = preSolution
		Debug|Any CPU = Debug|Any CPU
		Release|Any CPU = Release|Any CPU
	EndGlobalSection
	GlobalSection(ProjectConfigurationPlatforms) = postSolution
		{3AC3DBD9-A144-4352-86E0-0B81D7F69D01}.Debug|Any CPU.ActiveCfg = Debug|Any CPU
		{3AC3DBD9-A144-4352-86E0-0B81D7F69D01}.Debug|Any CPU.Build.0 = Debug|Any CPU
		{3AC3DBD9-A144-4352-86E0-0B81D7F69D01}.Release|Any CPU.ActiveCfg = Release|Any CPU
		{3AC3DBD9-A144-4352-86E0-0B81D7F69D01}.Release|Any CPU.Build.0 = Release|Any CPU
	EndGlobalSection
	GlobalSection(SolutionProperties) = preSolution
		HideSolutionNode = FALSE
	EndGlobalSection
	GlobalSection(ExtensibilityGlobals) = postSolution
		SolutionGuid = {29E5894C-36ED-4ADB-B196-3FE3F0C2050F}
	EndGlobalSection
EndGlobal
